{
  "nodes": {
    "nixpkgs": {
      "locked": {
        "lastModified": 1672996681,
        "narHash": "sha256-kZCRT7NTLOm7rmWtbtSvcGPdoxF76jHcIwi9hGcioN4=",
        "path": "/nix/store/d8mmna0493g2b3kdn9hpi66449171ikj-source",
        "rev": "f293d559c4a1a81e63ef4e7d551c48292db39e38",
        "type": "path"
      },
      "original": {
        "id": "nixpkgs",
        "type": "indirect"
      }
    },
    "root": {
      "inputs": {
        "nixpkgs": "nixpkgs",
        "utils": "utils"
      }
    },
    "utils": {
      "locked": {
        "lastModified": 1667395993,
        "narHash": "sha256-nuEHfE/LcWyuSWnS8t12N1wc105Qtau+/OdUAjtQ0rA=",
        "owner": "numtide",
        "repo": "flake-utils",
        "rev": "5aed5285a952e0b949eb3ba02c12fa4fcfef535f",
        "type": "github"
      },
      "original": {
        "owner": "numtide",
        "repo": "flake-utils",
        "type": "github"
      }
    }
  },
  "root": "root",
  "version": 7
}
