{
  "nodes": {
    "nixpkgs": {
      "locked": {
        "lastModified": 1635322059,
        "narHash": "sha256-8TLZM7lO5Xf0SBR+XCRUC9qEgFiw7dEi9WU7I+2z6Rk=",
        "path": "/nix/store/gb585fyrgmvb3fkm4nga7x32lni973jj-source",
        "rev": "578415d9be0c7f8c84796060ac76d8803a0ce7e7",
        "type": "path"
      },
      "original": {
        "id": "nixpkgs",
        "type": "indirect"
      }
    },
    "root": {
      "inputs": {
        "nixpkgs": "nixpkgs",
        "utils": "utils"
      }
    },
    "utils": {
      "locked": {
        "lastModified": 1634851050,
        "narHash": "sha256-N83GlSGPJJdcqhUxSCS/WwW5pksYf3VP1M13cDRTSVA=",
        "owner": "numtide",
        "repo": "flake-utils",
        "rev": "c91f3de5adaf1de973b797ef7485e441a65b8935",
        "type": "github"
      },
      "original": {
        "owner": "numtide",
        "repo": "flake-utils",
        "type": "github"
      }
    }
  },
  "root": "root",
  "version": 7
}
