{
  "nodes": {
    "nixpkgs": {
      "locked": {
        "lastModified": 1675321455,
        "narHash": "sha256-uJlAvVGSvuosIesEKr+MtwgwbycFUQESb+ircU1m1nU=",
        "path": "/nix/store/8k89g5rh1vni257r81rcc65hd50g17di-source",
        "rev": "9f79b25907cc9eb1ed75accc73b435ac1e5bafbd",
        "type": "path"
      },
      "original": {
        "id": "nixpkgs",
        "type": "indirect"
      }
    },
    "root": {
      "inputs": {
        "nixpkgs": "nixpkgs",
        "utils": "utils"
      }
    },
    "utils": {
      "locked": {
        "lastModified": 1667395993,
        "narHash": "sha256-nuEHfE/LcWyuSWnS8t12N1wc105Qtau+/OdUAjtQ0rA=",
        "owner": "numtide",
        "repo": "flake-utils",
        "rev": "5aed5285a952e0b949eb3ba02c12fa4fcfef535f",
        "type": "github"
      },
      "original": {
        "owner": "numtide",
        "repo": "flake-utils",
        "type": "github"
      }
    }
  },
  "root": "root",
  "version": 7
}
